
Microsoft Visual Studio Solution File, Format Version 12.00
# Visual Studio Version 16
VisualStudioVersion = 16.0.31424.327
MinimumVisualStudioVersion = 10.0.40219.1
Project("{FAE04EC0-301F-11D3-BF4B-00C04F79EFBC}") = "ResumeCreator", "ResumeCreator\ResumeCreator.csproj", "{5BCB11EF-E509-4B64-9BD9-1EC705B42DA1}"
EndProject
Global
	GlobalSection(SolutionConfigurationPlatforms) = preSolution
		Debug|Any CPU = Debug|Any CPU
		Release|Any CPU = Release|Any CPU
	EndGlobalSection
	GlobalSection(ProjectConfigurationPlatforms) = postSolution
		{5BCB11EF-E509-4B64-9BD9-1EC705B42DA1}.Debug|Any CPU.ActiveCfg = Debug|Any CPU
		{5BCB11EF-E509-4B64-9BD9-1EC705B42DA1}.Debug|Any CPU.Build.0 = Debug|Any CPU
		{5BCB11EF-E509-4B64-9BD9-1EC705B42DA1}.Release|Any CPU.ActiveCfg = Release|Any CPU
		{5BCB11EF-E509-4B64-9BD9-1EC705B42DA1}.Release|Any CPU.Build.0 = Release|Any CPU
	EndGlobalSection
	GlobalSection(SolutionProperties) = preSolution
		HideSolutionNode = FALSE
	EndGlobalSection
	GlobalSection(ExtensibilityGlobals) = postSolution
		SolutionGuid = {A3C785F7-06A4-41A2-BD81-2D0DAE12409E}
	EndGlobalSection
EndGlobal
